
Microsoft Visual Studio Solution File, Format Version 12.00
# Visual Studio Version 17
VisualStudioVersion = 17.5.002.0
MinimumVisualStudioVersion = 10.0.40219.1
Project("{9A19103F-16F7-4668-BE54-9A1E7A4F7556}") = "APL2007M5", "APL2007M5SalesReport\APL2007M5.csproj", "{65B3E7CA-3DFB-44D5-8C86-3E6BD4A526A9}"
EndProject
Project("{9A19103F-16F7-4668-BE54-9A1E7A4F7556}") = "APL2007M3SalesReport-NewCodeChallenge", "APL2007M3SalesReport-NewCodeChallenge\APL2007M3SalesReport-NewCodeChallenge.csproj", "{4F0A9683-B66E-44CA-8D83-303316485C0B}"
EndProject
Project("{9A19103F-16F7-4668-BE54-9A1E7A4F7556}") = "APL2007M2Sample1", "APL2007M2Sample1\APL2007M2Sample1.csproj", "{4E5B8F22-4444-4347-8E06-F26B6C63F07B}"
EndProject
Project("{9A19103F-16F7-4668-BE54-9A1E7A4F7556}") = "APL2007M3SalesReport", "APL2007M3SalesReport-CodeLogicChallenge\APL2007M3SalesReport.csproj", "{95FF8491-4C32-4E25-B3E1-AC8272724616}"
EndProject
Project("{9A19103F-16F7-4668-BE54-9A1E7A4F7556}") = "APL2007M2Sample2", "APL2007M2Sample2\APL2007M2Sample2.csproj", "{E7475D91-3DA4-4093-BB14-8C22A889CFCD}"
EndProject
Project("{9A19103F-16F7-4668-BE54-9A1E7A4F7556}") = "APL2007M3SalesReport-InlineChat", "APL2007M3SalesReport-InlineChat\APL2007M3SalesReport-InlineChat.csproj", "{24493912-838B-476A-9155-6ECF09D48171}"
EndProject
Project("{9A19103F-16F7-4668-BE54-9A1E7A4F7556}") = "APL2007M3SalesReport-SalesOrders", "APL2007M3SalesReport-SalesOrders\APL2007M3SalesReport-SalesOrders.csproj", "{4ED6D0CB-0881-4D52-8427-31C3C2479BA8}"
EndProject
Project("{2150E333-8FDC-42A3-9474-1A3956D46DE8}") = "APL2007M4PrimeService-UnitTests", "APL2007M4PrimeService-UnitTests", "{C3ABD2A6-3BAB-40A3-AF3D-422EDBEC73D2}"
EndProject
Project("{9A19103F-16F7-4668-BE54-9A1E7A4F7556}") = "PrimeService.UnitTests", "APL2007M4PrimeService-UnitTests\PrimeService.UnitTests\PrimeService.UnitTests.csproj", "{3270B5F1-B179-4F42-95FB-2538205E5A87}"
EndProject
Project("{9A19103F-16F7-4668-BE54-9A1E7A4F7556}") = "Numbers", "APL2007M4PrimeService-UnitTests\Numbers\Numbers.csproj", "{534CAFB3-7215-4FE1-8B44-948287D19447}"
EndProject
Project("{2150E333-8FDC-42A3-9474-1A3956D46DE8}") = "APL2007M5BankAccount-Security", "APL2007M5BankAccount-Security", "{1C7474BD-4AFC-43E0-83B6-F63BE5A96120}"
EndProject
Project("{9A19103F-16F7-4668-BE54-9A1E7A4F7556}") = "BankAccount.UnitTests", "APL2007M5BankAccount-Security\BankAccount.UnitTests\BankAccount.UnitTests.csproj", "{E062CE61-43E8-4987-9A46-DC7CCCE60E6E}"
EndProject
Project("{9A19103F-16F7-4668-BE54-9A1E7A4F7556}") = "BankAccount", "APL2007M5BankAccount-Security\BankAccountClass\BankAccount.csproj", "{D865D213-DB6E-4FDF-BD71-CFA7E5413D3D}"
EndProject
Project("{2150E333-8FDC-42A3-9474-1A3956D46DE8}") = "APL2007M5BankAccount-Reliability", "APL2007M5BankAccount-Reliability", "{4E7B2659-CC26-40FD-956C-DBB0CB924548}"
EndProject
Project("{9A19103F-16F7-4668-BE54-9A1E7A4F7556}") = "BankAccount.UnitTests", "APL2007M5BankAccount-Reliability\BankAccount.UnitTests\BankAccount.UnitTests.csproj", "{0E1B16E5-15FA-4246-8853-4A37194C92DC}"
EndProject
Project("{9A19103F-16F7-4668-BE54-9A1E7A4F7556}") = "BankAccount", "APL2007M5BankAccount-Reliability\BankAccountClass\BankAccount.csproj", "{514D7B03-48EC-42C6-8F38-902793FEC2B5}"
EndProject
Project("{2150E333-8FDC-42A3-9474-1A3956D46DE8}") = "APL2007M4BankAccount", "APL2007M4BankAccount", "{9DB8F900-F5EA-42EF-90C8-073F2F673197}"
EndProject
Project("{9A19103F-16F7-4668-BE54-9A1E7A4F7556}") = "BankAccount", "APL2007M4BankAccount\BankAccountClass\BankAccount.csproj", "{08CE44EE-9F2E-4F6A-99F5-EA642CE96287}"
EndProject
Project("{2150E333-8FDC-42A3-9474-1A3956D46DE8}") = "APL2007M4PrimeService", "APL2007M4PrimeService", "{83265A8E-A42F-4DFC-AB41-2F063AAE0511}"
EndProject
Project("{9A19103F-16F7-4668-BE54-9A1E7A4F7556}") = "Numbers", "APL2007M4PrimeService\Numbers\Numbers.csproj", "{79E74B0A-8E88-4D4F-B5A8-6C371ACB4AF0}"
EndProject
Project("{2150E333-8FDC-42A3-9474-1A3956D46DE8}") = "APL2007M4SalesReport", "APL2007M4SalesReport", "{64A4FAA4-1887-4803-B804-276B7E9CE8BA}"
EndProject
Project("{9A19103F-16F7-4668-BE54-9A1E7A4F7556}") = "APL2007M4", "APL2007M4SalesReport\SalesReportApp\APL2007M4.csproj", "{F1E56FD5-27A8-4EA9-A147-DD1240F165BD}"
EndProject
Project("{2150E333-8FDC-42A3-9474-1A3956D46DE8}") = "APL2007M5BankAccount", "APL2007M5BankAccount", "{7FEAC6A3-B5A4-4709-9F6E-8901FBBAEBDA}"
EndProject
Project("{9A19103F-16F7-4668-BE54-9A1E7A4F7556}") = "BankAccount.UnitTests", "APL2007M5BankAccount\BankAccount.UnitTests\BankAccount.UnitTests.csproj", "{2DAFE29D-6A2D-4842-9556-72C15358C37C}"
EndProject
Project("{9A19103F-16F7-4668-BE54-9A1E7A4F7556}") = "BankAccount", "APL2007M5BankAccount\BankAccountClass\BankAccount.csproj", "{70B1E13E-36F9-47D5-8569-C591B61196F7}"
EndProject
Global
	GlobalSection(SolutionConfigurationPlatforms) = preSolution
		Debug|Any CPU = Debug|Any CPU
		Release|Any CPU = Release|Any CPU
	EndGlobalSection
	GlobalSection(ProjectConfigurationPlatforms) = postSolution
		{65B3E7CA-3DFB-44D5-8C86-3E6BD4A526A9}.Debug|Any CPU.ActiveCfg = Debug|Any CPU
		{65B3E7CA-3DFB-44D5-8C86-3E6BD4A526A9}.Debug|Any CPU.Build.0 = Debug|Any CPU
		{65B3E7CA-3DFB-44D5-8C86-3E6BD4A526A9}.Release|Any CPU.ActiveCfg = Release|Any CPU
		{65B3E7CA-3DFB-44D5-8C86-3E6BD4A526A9}.Release|Any CPU.Build.0 = Release|Any CPU
		{4F0A9683-B66E-44CA-8D83-303316485C0B}.Debug|Any CPU.ActiveCfg = Debug|Any CPU
		{4F0A9683-B66E-44CA-8D83-303316485C0B}.Debug|Any CPU.Build.0 = Debug|Any CPU
		{4F0A9683-B66E-44CA-8D83-303316485C0B}.Release|Any CPU.ActiveCfg = Release|Any CPU
		{4F0A9683-B66E-44CA-8D83-303316485C0B}.Release|Any CPU.Build.0 = Release|Any CPU
		{4E5B8F22-4444-4347-8E06-F26B6C63F07B}.Debug|Any CPU.ActiveCfg = Debug|Any CPU
		{4E5B8F22-4444-4347-8E06-F26B6C63F07B}.Debug|Any CPU.Build.0 = Debug|Any CPU
		{4E5B8F22-4444-4347-8E06-F26B6C63F07B}.Release|Any CPU.ActiveCfg = Release|Any CPU
		{4E5B8F22-4444-4347-8E06-F26B6C63F07B}.Release|Any CPU.Build.0 = Release|Any CPU
		{95FF8491-4C32-4E25-B3E1-AC8272724616}.Debug|Any CPU.ActiveCfg = Debug|Any CPU
		{95FF8491-4C32-4E25-B3E1-AC8272724616}.Debug|Any CPU.Build.0 = Debug|Any CPU
		{95FF8491-4C32-4E25-B3E1-AC8272724616}.Release|Any CPU.ActiveCfg = Release|Any CPU
		{95FF8491-4C32-4E25-B3E1-AC8272724616}.Release|Any CPU.Build.0 = Release|Any CPU
		{E7475D91-3DA4-4093-BB14-8C22A889CFCD}.Debug|Any CPU.ActiveCfg = Debug|Any CPU
		{E7475D91-3DA4-4093-BB14-8C22A889CFCD}.Debug|Any CPU.Build.0 = Debug|Any CPU
		{E7475D91-3DA4-4093-BB14-8C22A889CFCD}.Release|Any CPU.ActiveCfg = Release|Any CPU
		{E7475D91-3DA4-4093-BB14-8C22A889CFCD}.Release|Any CPU.Build.0 = Release|Any CPU
		{24493912-838B-476A-9155-6ECF09D48171}.Debug|Any CPU.ActiveCfg = Debug|Any CPU
		{24493912-838B-476A-9155-6ECF09D48171}.Debug|Any CPU.Build.0 = Debug|Any CPU
		{24493912-838B-476A-9155-6ECF09D48171}.Release|Any CPU.ActiveCfg = Release|Any CPU
		{24493912-838B-476A-9155-6ECF09D48171}.Release|Any CPU.Build.0 = Release|Any CPU
		{4ED6D0CB-0881-4D52-8427-31C3C2479BA8}.Debug|Any CPU.ActiveCfg = Debug|Any CPU
		{4ED6D0CB-0881-4D52-8427-31C3C2479BA8}.Debug|Any CPU.Build.0 = Debug|Any CPU
		{4ED6D0CB-0881-4D52-8427-31C3C2479BA8}.Release|Any CPU.ActiveCfg = Release|Any CPU
		{4ED6D0CB-0881-4D52-8427-31C3C2479BA8}.Release|Any CPU.Build.0 = Release|Any CPU
		{3270B5F1-B179-4F42-95FB-2538205E5A87}.Debug|Any CPU.ActiveCfg = Debug|Any CPU
		{3270B5F1-B179-4F42-95FB-2538205E5A87}.Debug|Any CPU.Build.0 = Debug|Any CPU
		{3270B5F1-B179-4F42-95FB-2538205E5A87}.Release|Any CPU.ActiveCfg = Release|Any CPU
		{3270B5F1-B179-4F42-95FB-2538205E5A87}.Release|Any CPU.Build.0 = Release|Any CPU
		{534CAFB3-7215-4FE1-8B44-948287D19447}.Debug|Any CPU.ActiveCfg = Debug|Any CPU
		{534CAFB3-7215-4FE1-8B44-948287D19447}.Debug|Any CPU.Build.0 = Debug|Any CPU
		{534CAFB3-7215-4FE1-8B44-948287D19447}.Release|Any CPU.ActiveCfg = Release|Any CPU
		{534CAFB3-7215-4FE1-8B44-948287D19447}.Release|Any CPU.Build.0 = Release|Any CPU
		{E062CE61-43E8-4987-9A46-DC7CCCE60E6E}.Debug|Any CPU.ActiveCfg = Debug|Any CPU
		{E062CE61-43E8-4987-9A46-DC7CCCE60E6E}.Debug|Any CPU.Build.0 = Debug|Any CPU
		{E062CE61-43E8-4987-9A46-DC7CCCE60E6E}.Release|Any CPU.ActiveCfg = Release|Any CPU
		{E062CE61-43E8-4987-9A46-DC7CCCE60E6E}.Release|Any CPU.Build.0 = Release|Any CPU
		{D865D213-DB6E-4FDF-BD71-CFA7E5413D3D}.Debug|Any CPU.ActiveCfg = Debug|Any CPU
		{D865D213-DB6E-4FDF-BD71-CFA7E5413D3D}.Debug|Any CPU.Build.0 = Debug|Any CPU
		{D865D213-DB6E-4FDF-BD71-CFA7E5413D3D}.Release|Any CPU.ActiveCfg = Release|Any CPU
		{D865D213-DB6E-4FDF-BD71-CFA7E5413D3D}.Release|Any CPU.Build.0 = Release|Any CPU
		{0E1B16E5-15FA-4246-8853-4A37194C92DC}.Debug|Any CPU.ActiveCfg = Debug|Any CPU
		{0E1B16E5-15FA-4246-8853-4A37194C92DC}.Debug|Any CPU.Build.0 = Debug|Any CPU
		{0E1B16E5-15FA-4246-8853-4A37194C92DC}.Release|Any CPU.ActiveCfg = Release|Any CPU
		{0E1B16E5-15FA-4246-8853-4A37194C92DC}.Release|Any CPU.Build.0 = Release|Any CPU
		{514D7B03-48EC-42C6-8F38-902793FEC2B5}.Debug|Any CPU.ActiveCfg = Debug|Any CPU
		{514D7B03-48EC-42C6-8F38-902793FEC2B5}.Debug|Any CPU.Build.0 = Debug|Any CPU
		{514D7B03-48EC-42C6-8F38-902793FEC2B5}.Release|Any CPU.ActiveCfg = Release|Any CPU
		{514D7B03-48EC-42C6-8F38-902793FEC2B5}.Release|Any CPU.Build.0 = Release|Any CPU
		{08CE44EE-9F2E-4F6A-99F5-EA642CE96287}.Debug|Any CPU.ActiveCfg = Debug|Any CPU
		{08CE44EE-9F2E-4F6A-99F5-EA642CE96287}.Debug|Any CPU.Build.0 = Debug|Any CPU
		{08CE44EE-9F2E-4F6A-99F5-EA642CE96287}.Release|Any CPU.ActiveCfg = Release|Any CPU
		{08CE44EE-9F2E-4F6A-99F5-EA642CE96287}.Release|Any CPU.Build.0 = Release|Any CPU
		{79E74B0A-8E88-4D4F-B5A8-6C371ACB4AF0}.Debug|Any CPU.ActiveCfg = Debug|Any CPU
		{79E74B0A-8E88-4D4F-B5A8-6C371ACB4AF0}.Debug|Any CPU.Build.0 = Debug|Any CPU
		{79E74B0A-8E88-4D4F-B5A8-6C371ACB4AF0}.Release|Any CPU.ActiveCfg = Release|Any CPU
		{79E74B0A-8E88-4D4F-B5A8-6C371ACB4AF0}.Release|Any CPU.Build.0 = Release|Any CPU
		{F1E56FD5-27A8-4EA9-A147-DD1240F165BD}.Debug|Any CPU.ActiveCfg = Debug|Any CPU
		{F1E56FD5-27A8-4EA9-A147-DD1240F165BD}.Debug|Any CPU.Build.0 = Debug|Any CPU
		{F1E56FD5-27A8-4EA9-A147-DD1240F165BD}.Release|Any CPU.ActiveCfg = Release|Any CPU
		{F1E56FD5-27A8-4EA9-A147-DD1240F165BD}.Release|Any CPU.Build.0 = Release|Any CPU
		{2DAFE29D-6A2D-4842-9556-72C15358C37C}.Debug|Any CPU.ActiveCfg = Debug|Any CPU
		{2DAFE29D-6A2D-4842-9556-72C15358C37C}.Debug|Any CPU.Build.0 = Debug|Any CPU
		{2DAFE29D-6A2D-4842-9556-72C15358C37C}.Release|Any CPU.ActiveCfg = Release|Any CPU
		{2DAFE29D-6A2D-4842-9556-72C15358C37C}.Release|Any CPU.Build.0 = Release|Any CPU
		{70B1E13E-36F9-47D5-8569-C591B61196F7}.Debug|Any CPU.ActiveCfg = Debug|Any CPU
		{70B1E13E-36F9-47D5-8569-C591B61196F7}.Debug|Any CPU.Build.0 = Debug|Any CPU
		{70B1E13E-36F9-47D5-8569-C591B61196F7}.Release|Any CPU.ActiveCfg = Release|Any CPU
		{70B1E13E-36F9-47D5-8569-C591B61196F7}.Release|Any CPU.Build.0 = Release|Any CPU
	EndGlobalSection
	GlobalSection(SolutionProperties) = preSolution
		HideSolutionNode = FALSE
	EndGlobalSection
	GlobalSection(NestedProjects) = preSolution
		{3270B5F1-B179-4F42-95FB-2538205E5A87} = {C3ABD2A6-3BAB-40A3-AF3D-422EDBEC73D2}
		{534CAFB3-7215-4FE1-8B44-948287D19447} = {C3ABD2A6-3BAB-40A3-AF3D-422EDBEC73D2}
		{E062CE61-43E8-4987-9A46-DC7CCCE60E6E} = {1C7474BD-4AFC-43E0-83B6-F63BE5A96120}
		{D865D213-DB6E-4FDF-BD71-CFA7E5413D3D} = {1C7474BD-4AFC-43E0-83B6-F63BE5A96120}
		{0E1B16E5-15FA-4246-8853-4A37194C92DC} = {4E7B2659-CC26-40FD-956C-DBB0CB924548}
		{514D7B03-48EC-42C6-8F38-902793FEC2B5} = {4E7B2659-CC26-40FD-956C-DBB0CB924548}
		{08CE44EE-9F2E-4F6A-99F5-EA642CE96287} = {9DB8F900-F5EA-42EF-90C8-073F2F673197}
		{79E74B0A-8E88-4D4F-B5A8-6C371ACB4AF0} = {83265A8E-A42F-4DFC-AB41-2F063AAE0511}
		{F1E56FD5-27A8-4EA9-A147-DD1240F165BD} = {64A4FAA4-1887-4803-B804-276B7E9CE8BA}
		{2DAFE29D-6A2D-4842-9556-72C15358C37C} = {7FEAC6A3-B5A4-4709-9F6E-8901FBBAEBDA}
		{70B1E13E-36F9-47D5-8569-C591B61196F7} = {7FEAC6A3-B5A4-4709-9F6E-8901FBBAEBDA}
	EndGlobalSection
	GlobalSection(ExtensibilityGlobals) = postSolution
		SolutionGuid = {D1FC5039-DE9A-4AD6-BC90-180B893EF384}
	EndGlobalSection
EndGlobal
